# THIS IS AN AUTOGENERATED FILE. DO NOT EDIT THIS FILE DIRECTLY.
# yarn lockfile v1


paddlejs@^1.0.8:
  version "1.0.8"
  resolved "https://registry.npmjs.org/paddlejs/-/paddlejs-1.0.8.tgz#d9baa7ef14113e16a4b39cdc88bc8893963d7e86"
  integrity sha512-mS7nwMrwrpE+sP3QFoniAQwwNTQAQYe3W97LnZuvRuipmRt4JGl9XkTNEFYmDxNNRX1F+r0q8LLS4id76yOufA==
